
Microsoft Visual Studio Solution File, Format Version 12.00
# Visual Studio Version 17
VisualStudioVersion = 17.6.33723.286
MinimumVisualStudioVersion = 10.0.40219.1
Project("{9A19103F-16F7-4668-BE54-9A1E7A4F7556}") = "FleetForceAPI", "FleetForceAPI.csproj", "{869CB8DD-2E56-4161-86D4-3D3F79328E6A}"
EndProject
Global
	GlobalSection(SolutionConfigurationPlatforms) = preSolution
		Debug|Any CPU = Debug|Any CPU
		Release|Any CPU = Release|Any CPU
	EndGlobalSection
	GlobalSection(ProjectConfigurationPlatforms) = postSolution
		{869CB8DD-2E56-4161-86D4-3D3F79328E6A}.Debug|Any CPU.ActiveCfg = Debug|Any CPU
		{869CB8DD-2E56-4161-86D4-3D3F79328E6A}.Debug|Any CPU.Build.0 = Debug|Any CPU
		{869CB8DD-2E56-4161-86D4-3D3F79328E6A}.Release|Any CPU.ActiveCfg = Release|Any CPU
		{869CB8DD-2E56-4161-86D4-3D3F79328E6A}.Release|Any CPU.Build.0 = Release|Any CPU
	EndGlobalSection
	GlobalSection(SolutionProperties) = preSolution
		HideSolutionNode = FALSE
	EndGlobalSection
	GlobalSection(ExtensibilityGlobals) = postSolution
		SolutionGuid = {B10813DD-1F0E-4043-B2BB-EF1803D10BB3}
	EndGlobalSection
EndGlobal
